
Microsoft Visual Studio Solution File, Format Version 12.00
# Visual Studio Version 17
VisualStudioVersion = 17.10.35027.167
MinimumVisualStudioVersion = 10.0.40219.1
Project("{9A19103F-16F7-4668-BE54-9A1E7A4F7556}") = "FunctionTutorial", "FunctionTutorial\FunctionTutorial.csproj", "{89C7A936-A3C8-4563-B10E-8D8B9CE697CD}"
EndProject
Project("{FAE04EC0-301F-11D3-BF4B-00C04F79EFBC}") = "FunctionTutorialTests", "FunctionTutorialTests\FunctionTutorialTests.csproj", "{84399A37-30C6-49B1-AF1A-BB50FD00AF28}"
EndProject
Global
	GlobalSection(SolutionConfigurationPlatforms) = preSolution
		Debug|Any CPU = Debug|Any CPU
		Release|Any CPU = Release|Any CPU
	EndGlobalSection
	GlobalSection(ProjectConfigurationPlatforms) = postSolution
		{89C7A936-A3C8-4563-B10E-8D8B9CE697CD}.Debug|Any CPU.ActiveCfg = Debug|Any CPU
		{89C7A936-A3C8-4563-B10E-8D8B9CE697CD}.Debug|Any CPU.Build.0 = Debug|Any CPU
		{89C7A936-A3C8-4563-B10E-8D8B9CE697CD}.Release|Any CPU.ActiveCfg = Release|Any CPU
		{89C7A936-A3C8-4563-B10E-8D8B9CE697CD}.Release|Any CPU.Build.0 = Release|Any CPU
		{84399A37-30C6-49B1-AF1A-BB50FD00AF28}.Debug|Any CPU.ActiveCfg = Debug|Any CPU
		{84399A37-30C6-49B1-AF1A-BB50FD00AF28}.Debug|Any CPU.Build.0 = Debug|Any CPU
		{84399A37-30C6-49B1-AF1A-BB50FD00AF28}.Release|Any CPU.ActiveCfg = Release|Any CPU
		{84399A37-30C6-49B1-AF1A-BB50FD00AF28}.Release|Any CPU.Build.0 = Release|Any CPU
	EndGlobalSection
	GlobalSection(SolutionProperties) = preSolution
		HideSolutionNode = FALSE
	EndGlobalSection
	GlobalSection(ExtensibilityGlobals) = postSolution
		SolutionGuid = {41B4507D-59C7-4156-934E-F989E1C0A1CF}
	EndGlobalSection
EndGlobal
